
Microsoft Visual Studio Solution File, Format Version 12.00
# Visual Studio 2013
VisualStudioVersion = 12.0.21005.1
MinimumVisualStudioVersion = 10.0.40219.1
Project("{8BC9CEB8-8B4A-11D0-8D11-00A0C91BC942}") = "ARO_Project", "ARO_Proj\ARO_Project.vcxproj", "{3B8C0286-EBC5-44A3-B158-731605D97909}"
EndProject
Project("{2150E333-8FDC-42A3-9474-1A3956D46DE8}") = "Solution Items", "Solution Items", "{0014262E-4B37-4FF4-9711-F5EBAB78C4CA}"
	ProjectSection(SolutionItems) = preProject
		Performance1.psess = Performance1.psess
	EndProjectSection
EndProject
Global
	GlobalSection(SolutionConfigurationPlatforms) = preSolution
		Debug|x64 = Debug|x64
		Debug|x86 = Debug|x86
		Release|x64 = Release|x64
		Release|x86 = Release|x86
		TestConfig|x64 = TestConfig|x64
		TestConfig|x86 = TestConfig|x86
	EndGlobalSection
	GlobalSection(ProjectConfigurationPlatforms) = postSolution
		{3B8C0286-EBC5-44A3-B158-731605D97909}.Debug|x64.ActiveCfg = Debug|x64
		{3B8C0286-EBC5-44A3-B158-731605D97909}.Debug|x64.Build.0 = Debug|x64
		{3B8C0286-EBC5-44A3-B158-731605D97909}.Debug|x86.ActiveCfg = Debug|Win32
		{3B8C0286-EBC5-44A3-B158-731605D97909}.Debug|x86.Build.0 = Debug|Win32
		{3B8C0286-EBC5-44A3-B158-731605D97909}.Release|x64.ActiveCfg = Release|x64
		{3B8C0286-EBC5-44A3-B158-731605D97909}.Release|x64.Build.0 = Release|x64
		{3B8C0286-EBC5-44A3-B158-731605D97909}.Release|x86.ActiveCfg = Release|Win32
		{3B8C0286-EBC5-44A3-B158-731605D97909}.Release|x86.Build.0 = Release|Win32
		{3B8C0286-EBC5-44A3-B158-731605D97909}.TestConfig|x64.ActiveCfg = Debug|Win32
		{3B8C0286-EBC5-44A3-B158-731605D97909}.TestConfig|x64.Build.0 = Debug|Win32
		{3B8C0286-EBC5-44A3-B158-731605D97909}.TestConfig|x86.ActiveCfg = TestConfig|Win32
		{3B8C0286-EBC5-44A3-B158-731605D97909}.TestConfig|x86.Build.0 = TestConfig|Win32
	EndGlobalSection
	GlobalSection(SolutionProperties) = preSolution
		HideSolutionNode = FALSE
	EndGlobalSection
	GlobalSection(ExtensibilityGlobals) = postSolution
		SolutionGuid = {07150CA9-7A9F-4717-B0DE-7BBA1F48832B}
	EndGlobalSection
EndGlobal
